
Microsoft Visual Studio Solution File, Format Version 12.00
# Visual Studio Version 17
VisualStudioVersion = 17.3.32825.248
MinimumVisualStudioVersion = 10.0.40219.1
Project("{9A19103F-16F7-4668-BE54-9A1E7A4F7556}") = "Bakers", "Bakers\Bakers.csproj", "{75AE0D8A-11ED-4BA7-8D94-6AFD32F7266A}"
EndProject
Project("{9A19103F-16F7-4668-BE54-9A1E7A4F7556}") = "Bakers.DB", "Bakers.DB\Bakers.DB.csproj", "{F4E4D547-5952-468E-96F6-584A36A5F235}"
EndProject
Project("{9A19103F-16F7-4668-BE54-9A1E7A4F7556}") = "Bakers.Model", "Bakers.Model\Bakers.Model.csproj", "{EF83C3F1-9B58-41C3-BE1A-989D8C967841}"
EndProject
Project("{9A19103F-16F7-4668-BE54-9A1E7A4F7556}") = "Bakers.Services", "Bakers.Services\Bakers.Services.csproj", "{20C70286-DA2A-4832-A855-8B372115DC6B}"
EndProject
Project("{FAE04EC0-301F-11D3-BF4B-00C04F79EFBC}") = "Bakers.Response", "Bakers.Response\Bakers.Response.csproj", "{0D6DA0AA-E120-44B9-9C7D-BEC74EEBDECB}"
EndProject
Global
	GlobalSection(SolutionConfigurationPlatforms) = preSolution
		Debug|Any CPU = Debug|Any CPU
		Release|Any CPU = Release|Any CPU
	EndGlobalSection
	GlobalSection(ProjectConfigurationPlatforms) = postSolution
		{75AE0D8A-11ED-4BA7-8D94-6AFD32F7266A}.Debug|Any CPU.ActiveCfg = Debug|Any CPU
		{75AE0D8A-11ED-4BA7-8D94-6AFD32F7266A}.Debug|Any CPU.Build.0 = Debug|Any CPU
		{75AE0D8A-11ED-4BA7-8D94-6AFD32F7266A}.Release|Any CPU.ActiveCfg = Release|Any CPU
		{75AE0D8A-11ED-4BA7-8D94-6AFD32F7266A}.Release|Any CPU.Build.0 = Release|Any CPU
		{F4E4D547-5952-468E-96F6-584A36A5F235}.Debug|Any CPU.ActiveCfg = Debug|Any CPU
		{F4E4D547-5952-468E-96F6-584A36A5F235}.Debug|Any CPU.Build.0 = Debug|Any CPU
		{F4E4D547-5952-468E-96F6-584A36A5F235}.Release|Any CPU.ActiveCfg = Release|Any CPU
		{F4E4D547-5952-468E-96F6-584A36A5F235}.Release|Any CPU.Build.0 = Release|Any CPU
		{EF83C3F1-9B58-41C3-BE1A-989D8C967841}.Debug|Any CPU.ActiveCfg = Debug|Any CPU
		{EF83C3F1-9B58-41C3-BE1A-989D8C967841}.Debug|Any CPU.Build.0 = Debug|Any CPU
		{EF83C3F1-9B58-41C3-BE1A-989D8C967841}.Release|Any CPU.ActiveCfg = Release|Any CPU
		{EF83C3F1-9B58-41C3-BE1A-989D8C967841}.Release|Any CPU.Build.0 = Release|Any CPU
		{20C70286-DA2A-4832-A855-8B372115DC6B}.Debug|Any CPU.ActiveCfg = Debug|Any CPU
		{20C70286-DA2A-4832-A855-8B372115DC6B}.Debug|Any CPU.Build.0 = Debug|Any CPU
		{20C70286-DA2A-4832-A855-8B372115DC6B}.Release|Any CPU.ActiveCfg = Release|Any CPU
		{20C70286-DA2A-4832-A855-8B372115DC6B}.Release|Any CPU.Build.0 = Release|Any CPU
		{0D6DA0AA-E120-44B9-9C7D-BEC74EEBDECB}.Debug|Any CPU.ActiveCfg = Debug|Any CPU
		{0D6DA0AA-E120-44B9-9C7D-BEC74EEBDECB}.Debug|Any CPU.Build.0 = Debug|Any CPU
		{0D6DA0AA-E120-44B9-9C7D-BEC74EEBDECB}.Release|Any CPU.ActiveCfg = Release|Any CPU
		{0D6DA0AA-E120-44B9-9C7D-BEC74EEBDECB}.Release|Any CPU.Build.0 = Release|Any CPU
	EndGlobalSection
	GlobalSection(SolutionProperties) = preSolution
		HideSolutionNode = FALSE
	EndGlobalSection
	GlobalSection(ExtensibilityGlobals) = postSolution
		SolutionGuid = {007661F8-483F-45E1-AA20-469FA00A8D27}
	EndGlobalSection
EndGlobal
